
Microsoft Visual Studio Solution File, Format Version 12.00
# Visual Studio 14
VisualStudioVersion = 14.0.25123.0
MinimumVisualStudioVersion = 10.0.40219.1
Project("{FAE04EC0-301F-11D3-BF4B-00C04F79EFBC}") = "LightControl.Rpi", "LightControl.Rpi\LightControl.Rpi.csproj", "{17EDF4C3-791A-47F7-8E09-7D19D5E95D3F}"
EndProject
Project("{FAE04EC0-301F-11D3-BF4B-00C04F79EFBC}") = "LightControl.Web", "LightControl.Web\LightControl.Web.csproj", "{F88EA27A-0260-461E-9DFD-B6A501728133}"
EndProject
Project("{FAE04EC0-301F-11D3-BF4B-00C04F79EFBC}") = "LightControl.WindowsPhone", "LightControl.WindowsPhone\LightControl.WindowsPhone.csproj", "{15D6B055-4671-4C4E-821B-02D33F71F885}"
EndProject
Project("{2150E333-8FDC-42A3-9474-1A3956D46DE8}") = "LightControl.Xamarin", "LightControl.Xamarin", "{D6B0484C-AE8B-47B1-B578-09EE7334E88D}"
EndProject
Project("{FAE04EC0-301F-11D3-BF4B-00C04F79EFBC}") = "LightControl.Droid", "LightControl\LightControl.Droid\LightControl.Droid.csproj", "{D0E3A9A0-7F85-4021-8672-30443216EAC6}"
EndProject
Project("{FAE04EC0-301F-11D3-BF4B-00C04F79EFBC}") = "LightControl.iOS", "LightControl\LightControl.iOS\LightControl.iOS.csproj", "{9199BAA5-5318-4D20-BB42-729BB74FA018}"
EndProject
Project("{FAE04EC0-301F-11D3-BF4B-00C04F79EFBC}") = "LightControl.WinPhone", "LightControl\LightControl.WinPhone\LightControl.WinPhone.csproj", "{D12A94CE-40EF-483E-B344-78247A5AB6A7}"
EndProject
Project("{FAE04EC0-301F-11D3-BF4B-00C04F79EFBC}") = "LightControl.UWP", "LightControl\LightControl.UWP\LightControl.UWP.csproj", "{484565D2-BD63-426D-9936-645632EE874B}"
EndProject
Project("{FAE04EC0-301F-11D3-BF4B-00C04F79EFBC}") = "LightControl.Windows", "LightControl\LightControl.Windows\LightControl.Windows.csproj", "{C51D88DD-544D-4637-84D3-E11A40F3CB29}"
EndProject
Project("{FAE04EC0-301F-11D3-BF4B-00C04F79EFBC}") = "LightControl", "LightControl\LightControl\LightControl.csproj", "{0A577CE6-F7DD-4073-9295-2F17BDAEAD6B}"
EndProject
Project("{FAE04EC0-301F-11D3-BF4B-00C04F79EFBC}") = "LightControl.RaspberryPi", "LightControl.RaspberryPi\LightControl.RaspberryPi\LightControl.RaspberryPi.csproj", "{4418BB9E-8326-4D18-8059-DDD021F491F6}"
EndProject
Global
	GlobalSection(SolutionConfigurationPlatforms) = preSolution
		Ad-Hoc|Any CPU = Ad-Hoc|Any CPU
		Ad-Hoc|ARM = Ad-Hoc|ARM
		Ad-Hoc|iPhone = Ad-Hoc|iPhone
		Ad-Hoc|iPhoneSimulator = Ad-Hoc|iPhoneSimulator
		Ad-Hoc|x64 = Ad-Hoc|x64
		Ad-Hoc|x86 = Ad-Hoc|x86
		AppStore|Any CPU = AppStore|Any CPU
		AppStore|ARM = AppStore|ARM
		AppStore|iPhone = AppStore|iPhone
		AppStore|iPhoneSimulator = AppStore|iPhoneSimulator
		AppStore|x64 = AppStore|x64
		AppStore|x86 = AppStore|x86
		Debug|Any CPU = Debug|Any CPU
		Debug|ARM = Debug|ARM
		Debug|iPhone = Debug|iPhone
		Debug|iPhoneSimulator = Debug|iPhoneSimulator
		Debug|x64 = Debug|x64
		Debug|x86 = Debug|x86
		Release|Any CPU = Release|Any CPU
		Release|ARM = Release|ARM
		Release|iPhone = Release|iPhone
		Release|iPhoneSimulator = Release|iPhoneSimulator
		Release|x64 = Release|x64
		Release|x86 = Release|x86
	EndGlobalSection
	GlobalSection(ProjectConfigurationPlatforms) = postSolution
		{17EDF4C3-791A-47F7-8E09-7D19D5E95D3F}.Ad-Hoc|Any CPU.ActiveCfg = Release|x86
		{17EDF4C3-791A-47F7-8E09-7D19D5E95D3F}.Ad-Hoc|Any CPU.Build.0 = Release|x86
		{17EDF4C3-791A-47F7-8E09-7D19D5E95D3F}.Ad-Hoc|Any CPU.Deploy.0 = Release|x86
		{17EDF4C3-791A-47F7-8E09-7D19D5E95D3F}.Ad-Hoc|ARM.ActiveCfg = Release|ARM
		{17EDF4C3-791A-47F7-8E09-7D19D5E95D3F}.Ad-Hoc|ARM.Build.0 = Release|ARM
		{17EDF4C3-791A-47F7-8E09-7D19D5E95D3F}.Ad-Hoc|ARM.Deploy.0 = Release|ARM
		{17EDF4C3-791A-47F7-8E09-7D19D5E95D3F}.Ad-Hoc|iPhone.ActiveCfg = Release|x86
		{17EDF4C3-791A-47F7-8E09-7D19D5E95D3F}.Ad-Hoc|iPhone.Build.0 = Release|x86
		{17EDF4C3-791A-47F7-8E09-7D19D5E95D3F}.Ad-Hoc|iPhone.Deploy.0 = Release|x86
		{17EDF4C3-791A-47F7-8E09-7D19D5E95D3F}.Ad-Hoc|iPhoneSimulator.ActiveCfg = Release|x86
		{17EDF4C3-791A-47F7-8E09-7D19D5E95D3F}.Ad-Hoc|iPhoneSimulator.Build.0 = Release|x86
		{17EDF4C3-791A-47F7-8E09-7D19D5E95D3F}.Ad-Hoc|iPhoneSimulator.Deploy.0 = Release|x86
		{17EDF4C3-791A-47F7-8E09-7D19D5E95D3F}.Ad-Hoc|x64.ActiveCfg = Release|x64
		{17EDF4C3-791A-47F7-8E09-7D19D5E95D3F}.Ad-Hoc|x64.Build.0 = Release|x64
		{17EDF4C3-791A-47F7-8E09-7D19D5E95D3F}.Ad-Hoc|x64.Deploy.0 = Release|x64
		{17EDF4C3-791A-47F7-8E09-7D19D5E95D3F}.Ad-Hoc|x86.ActiveCfg = Release|x86
		{17EDF4C3-791A-47F7-8E09-7D19D5E95D3F}.Ad-Hoc|x86.Build.0 = Release|x86
		{17EDF4C3-791A-47F7-8E09-7D19D5E95D3F}.Ad-Hoc|x86.Deploy.0 = Release|x86
		{17EDF4C3-791A-47F7-8E09-7D19D5E95D3F}.AppStore|Any CPU.ActiveCfg = Release|x86
		{17EDF4C3-791A-47F7-8E09-7D19D5E95D3F}.AppStore|Any CPU.Build.0 = Release|x86
		{17EDF4C3-791A-47F7-8E09-7D19D5E95D3F}.AppStore|Any CPU.Deploy.0 = Release|x86
		{17EDF4C3-791A-47F7-8E09-7D19D5E95D3F}.AppStore|ARM.ActiveCfg = Release|ARM
		{17EDF4C3-791A-47F7-8E09-7D19D5E95D3F}.AppStore|ARM.Build.0 = Release|ARM
		{17EDF4C3-791A-47F7-8E09-7D19D5E95D3F}.AppStore|ARM.Deploy.0 = Release|ARM
		{17EDF4C3-791A-47F7-8E09-7D19D5E95D3F}.AppStore|iPhone.ActiveCfg = Release|x86
		{17EDF4C3-791A-47F7-8E09-7D19D5E95D3F}.AppStore|iPhone.Build.0 = Release|x86
		{17EDF4C3-791A-47F7-8E09-7D19D5E95D3F}.AppStore|iPhone.Deploy.0 = Release|x86
		{17EDF4C3-791A-47F7-8E09-7D19D5E95D3F}.AppStore|iPhoneSimulator.ActiveCfg = Release|x86
		{17EDF4C3-791A-47F7-8E09-7D19D5E95D3F}.AppStore|iPhoneSimulator.Build.0 = Release|x86
		{17EDF4C3-791A-47F7-8E09-7D19D5E95D3F}.AppStore|iPhoneSimulator.Deploy.0 = Release|x86
		{17EDF4C3-791A-47F7-8E09-7D19D5E95D3F}.AppStore|x64.ActiveCfg = Release|x64
		{17EDF4C3-791A-47F7-8E09-7D19D5E95D3F}.AppStore|x64.Build.0 = Release|x64
		{17EDF4C3-791A-47F7-8E09-7D19D5E95D3F}.AppStore|x64.Deploy.0 = Release|x64
		{17EDF4C3-791A-47F7-8E09-7D19D5E95D3F}.AppStore|x86.ActiveCfg = Release|x86
		{17EDF4C3-791A-47F7-8E09-7D19D5E95D3F}.AppStore|x86.Build.0 = Release|x86
		{17EDF4C3-791A-47F7-8E09-7D19D5E95D3F}.AppStore|x86.Deploy.0 = Release|x86
		{17EDF4C3-791A-47F7-8E09-7D19D5E95D3F}.Debug|Any CPU.ActiveCfg = Debug|x86
		{17EDF4C3-791A-47F7-8E09-7D19D5E95D3F}.Debug|ARM.ActiveCfg = Debug|ARM
		{17EDF4C3-791A-47F7-8E09-7D19D5E95D3F}.Debug|ARM.Build.0 = Debug|ARM
		{17EDF4C3-791A-47F7-8E09-7D19D5E95D3F}.Debug|ARM.Deploy.0 = Debug|ARM
		{17EDF4C3-791A-47F7-8E09-7D19D5E95D3F}.Debug|iPhone.ActiveCfg = Debug|x86
		{17EDF4C3-791A-47F7-8E09-7D19D5E95D3F}.Debug|iPhoneSimulator.ActiveCfg = Debug|x86
		{17EDF4C3-791A-47F7-8E09-7D19D5E95D3F}.Debug|x64.ActiveCfg = Debug|x64
		{17EDF4C3-791A-47F7-8E09-7D19D5E95D3F}.Debug|x64.Build.0 = Debug|x64
		{17EDF4C3-791A-47F7-8E09-7D19D5E95D3F}.Debug|x64.Deploy.0 = Debug|x64
		{17EDF4C3-791A-47F7-8E09-7D19D5E95D3F}.Debug|x86.ActiveCfg = Debug|x86
		{17EDF4C3-791A-47F7-8E09-7D19D5E95D3F}.Debug|x86.Build.0 = Debug|x86
		{17EDF4C3-791A-47F7-8E09-7D19D5E95D3F}.Debug|x86.Deploy.0 = Debug|x86
		{17EDF4C3-791A-47F7-8E09-7D19D5E95D3F}.Release|Any CPU.ActiveCfg = Release|x86
		{17EDF4C3-791A-47F7-8E09-7D19D5E95D3F}.Release|ARM.ActiveCfg = Release|ARM
		{17EDF4C3-791A-47F7-8E09-7D19D5E95D3F}.Release|ARM.Build.0 = Release|ARM
		{17EDF4C3-791A-47F7-8E09-7D19D5E95D3F}.Release|ARM.Deploy.0 = Release|ARM
		{17EDF4C3-791A-47F7-8E09-7D19D5E95D3F}.Release|iPhone.ActiveCfg = Release|x86
		{17EDF4C3-791A-47F7-8E09-7D19D5E95D3F}.Release|iPhoneSimulator.ActiveCfg = Release|x86
		{17EDF4C3-791A-47F7-8E09-7D19D5E95D3F}.Release|x64.ActiveCfg = Release|x64
		{17EDF4C3-791A-47F7-8E09-7D19D5E95D3F}.Release|x64.Build.0 = Release|x64
		{17EDF4C3-791A-47F7-8E09-7D19D5E95D3F}.Release|x64.Deploy.0 = Release|x64
		{17EDF4C3-791A-47F7-8E09-7D19D5E95D3F}.Release|x86.ActiveCfg = Release|x86
		{17EDF4C3-791A-47F7-8E09-7D19D5E95D3F}.Release|x86.Build.0 = Release|x86
		{17EDF4C3-791A-47F7-8E09-7D19D5E95D3F}.Release|x86.Deploy.0 = Release|x86
		{F88EA27A-0260-461E-9DFD-B6A501728133}.Ad-Hoc|Any CPU.ActiveCfg = Release|Any CPU
		{F88EA27A-0260-461E-9DFD-B6A501728133}.Ad-Hoc|Any CPU.Build.0 = Release|Any CPU
		{F88EA27A-0260-461E-9DFD-B6A501728133}.Ad-Hoc|ARM.ActiveCfg = Release|Any CPU
		{F88EA27A-0260-461E-9DFD-B6A501728133}.Ad-Hoc|ARM.Build.0 = Release|Any CPU
		{F88EA27A-0260-461E-9DFD-B6A501728133}.Ad-Hoc|iPhone.ActiveCfg = Release|Any CPU
		{F88EA27A-0260-461E-9DFD-B6A501728133}.Ad-Hoc|iPhone.Build.0 = Release|Any CPU
		{F88EA27A-0260-461E-9DFD-B6A501728133}.Ad-Hoc|iPhoneSimulator.ActiveCfg = Release|Any CPU
		{F88EA27A-0260-461E-9DFD-B6A501728133}.Ad-Hoc|iPhoneSimulator.Build.0 = Release|Any CPU
		{F88EA27A-0260-461E-9DFD-B6A501728133}.Ad-Hoc|x64.ActiveCfg = Release|Any CPU
		{F88EA27A-0260-461E-9DFD-B6A501728133}.Ad-Hoc|x64.Build.0 = Release|Any CPU
		{F88EA27A-0260-461E-9DFD-B6A501728133}.Ad-Hoc|x86.ActiveCfg = Release|Any CPU
		{F88EA27A-0260-461E-9DFD-B6A501728133}.Ad-Hoc|x86.Build.0 = Release|Any CPU
		{F88EA27A-0260-461E-9DFD-B6A501728133}.AppStore|Any CPU.ActiveCfg = Release|Any CPU
		{F88EA27A-0260-461E-9DFD-B6A501728133}.AppStore|Any CPU.Build.0 = Release|Any CPU
		{F88EA27A-0260-461E-9DFD-B6A501728133}.AppStore|ARM.ActiveCfg = Release|Any CPU
		{F88EA27A-0260-461E-9DFD-B6A501728133}.AppStore|ARM.Build.0 = Release|Any CPU
		{F88EA27A-0260-461E-9DFD-B6A501728133}.AppStore|iPhone.ActiveCfg = Release|Any CPU
		{F88EA27A-0260-461E-9DFD-B6A501728133}.AppStore|iPhone.Build.0 = Release|Any CPU
		{F88EA27A-0260-461E-9DFD-B6A501728133}.AppStore|iPhoneSimulator.ActiveCfg = Release|Any CPU
		{F88EA27A-0260-461E-9DFD-B6A501728133}.AppStore|iPhoneSimulator.Build.0 = Release|Any CPU
		{F88EA27A-0260-461E-9DFD-B6A501728133}.AppStore|x64.ActiveCfg = Release|Any CPU
		{F88EA27A-0260-461E-9DFD-B6A501728133}.AppStore|x64.Build.0 = Release|Any CPU
		{F88EA27A-0260-461E-9DFD-B6A501728133}.AppStore|x86.ActiveCfg = Release|Any CPU
		{F88EA27A-0260-461E-9DFD-B6A501728133}.AppStore|x86.Build.0 = Release|Any CPU
		{F88EA27A-0260-461E-9DFD-B6A501728133}.Debug|Any CPU.ActiveCfg = Debug|Any CPU
		{F88EA27A-0260-461E-9DFD-B6A501728133}.Debug|Any CPU.Build.0 = Debug|Any CPU
		{F88EA27A-0260-461E-9DFD-B6A501728133}.Debug|ARM.ActiveCfg = Debug|Any CPU
		{F88EA27A-0260-461E-9DFD-B6A501728133}.Debug|ARM.Build.0 = Debug|Any CPU
		{F88EA27A-0260-461E-9DFD-B6A501728133}.Debug|iPhone.ActiveCfg = Debug|Any CPU
		{F88EA27A-0260-461E-9DFD-B6A501728133}.Debug|iPhone.Build.0 = Debug|Any CPU
		{F88EA27A-0260-461E-9DFD-B6A501728133}.Debug|iPhoneSimulator.ActiveCfg = Debug|Any CPU
		{F88EA27A-0260-461E-9DFD-B6A501728133}.Debug|iPhoneSimulator.Build.0 = Debug|Any CPU
		{F88EA27A-0260-461E-9DFD-B6A501728133}.Debug|x64.ActiveCfg = Debug|Any CPU
		{F88EA27A-0260-461E-9DFD-B6A501728133}.Debug|x64.Build.0 = Debug|Any CPU
		{F88EA27A-0260-461E-9DFD-B6A501728133}.Debug|x86.ActiveCfg = Debug|Any CPU
		{F88EA27A-0260-461E-9DFD-B6A501728133}.Debug|x86.Build.0 = Debug|Any CPU
		{F88EA27A-0260-461E-9DFD-B6A501728133}.Release|Any CPU.ActiveCfg = Release|Any CPU
		{F88EA27A-0260-461E-9DFD-B6A501728133}.Release|Any CPU.Build.0 = Release|Any CPU
		{F88EA27A-0260-461E-9DFD-B6A501728133}.Release|ARM.ActiveCfg = Release|Any CPU
		{F88EA27A-0260-461E-9DFD-B6A501728133}.Release|ARM.Build.0 = Release|Any CPU
		{F88EA27A-0260-461E-9DFD-B6A501728133}.Release|iPhone.ActiveCfg = Release|Any CPU
		{F88EA27A-0260-461E-9DFD-B6A501728133}.Release|iPhone.Build.0 = Release|Any CPU
		{F88EA27A-0260-461E-9DFD-B6A501728133}.Release|iPhoneSimulator.ActiveCfg = Release|Any CPU
		{F88EA27A-0260-461E-9DFD-B6A501728133}.Release|iPhoneSimulator.Build.0 = Release|Any CPU
		{F88EA27A-0260-461E-9DFD-B6A501728133}.Release|x64.ActiveCfg = Release|Any CPU
		{F88EA27A-0260-461E-9DFD-B6A501728133}.Release|x64.Build.0 = Release|Any CPU
		{F88EA27A-0260-461E-9DFD-B6A501728133}.Release|x86.ActiveCfg = Release|Any CPU
		{F88EA27A-0260-461E-9DFD-B6A501728133}.Release|x86.Build.0 = Release|Any CPU
		{15D6B055-4671-4C4E-821B-02D33F71F885}.Ad-Hoc|Any CPU.ActiveCfg = Release|Any CPU
		{15D6B055-4671-4C4E-821B-02D33F71F885}.Ad-Hoc|Any CPU.Build.0 = Release|Any CPU
		{15D6B055-4671-4C4E-821B-02D33F71F885}.Ad-Hoc|Any CPU.Deploy.0 = Release|Any CPU
		{15D6B055-4671-4C4E-821B-02D33F71F885}.Ad-Hoc|ARM.ActiveCfg = Release|ARM
		{15D6B055-4671-4C4E-821B-02D33F71F885}.Ad-Hoc|ARM.Build.0 = Release|ARM
		{15D6B055-4671-4C4E-821B-02D33F71F885}.Ad-Hoc|ARM.Deploy.0 = Release|ARM
		{15D6B055-4671-4C4E-821B-02D33F71F885}.Ad-Hoc|iPhone.ActiveCfg = Release|Any CPU
		{15D6B055-4671-4C4E-821B-02D33F71F885}.Ad-Hoc|iPhone.Build.0 = Release|Any CPU
		{15D6B055-4671-4C4E-821B-02D33F71F885}.Ad-Hoc|iPhone.Deploy.0 = Release|Any CPU
		{15D6B055-4671-4C4E-821B-02D33F71F885}.Ad-Hoc|iPhoneSimulator.ActiveCfg = Release|Any CPU
		{15D6B055-4671-4C4E-821B-02D33F71F885}.Ad-Hoc|iPhoneSimulator.Build.0 = Release|Any CPU
		{15D6B055-4671-4C4E-821B-02D33F71F885}.Ad-Hoc|iPhoneSimulator.Deploy.0 = Release|Any CPU
		{15D6B055-4671-4C4E-821B-02D33F71F885}.Ad-Hoc|x64.ActiveCfg = Release|Any CPU
		{15D6B055-4671-4C4E-821B-02D33F71F885}.Ad-Hoc|x64.Build.0 = Release|Any CPU
		{15D6B055-4671-4C4E-821B-02D33F71F885}.Ad-Hoc|x64.Deploy.0 = Release|Any CPU
		{15D6B055-4671-4C4E-821B-02D33F71F885}.Ad-Hoc|x86.ActiveCfg = Release|x86
		{15D6B055-4671-4C4E-821B-02D33F71F885}.Ad-Hoc|x86.Build.0 = Release|x86
		{15D6B055-4671-4C4E-821B-02D33F71F885}.Ad-Hoc|x86.Deploy.0 = Release|x86
		{15D6B055-4671-4C4E-821B-02D33F71F885}.AppStore|Any CPU.ActiveCfg = Release|Any CPU
		{15D6B055-4671-4C4E-821B-02D33F71F885}.AppStore|Any CPU.Build.0 = Release|Any CPU
		{15D6B055-4671-4C4E-821B-02D33F71F885}.AppStore|Any CPU.Deploy.0 = Release|Any CPU
		{15D6B055-4671-4C4E-821B-02D33F71F885}.AppStore|ARM.ActiveCfg = Release|ARM
		{15D6B055-4671-4C4E-821B-02D33F71F885}.AppStore|ARM.Build.0 = Release|ARM
		{15D6B055-4671-4C4E-821B-02D33F71F885}.AppStore|ARM.Deploy.0 = Release|ARM
		{15D6B055-4671-4C4E-821B-02D33F71F885}.AppStore|iPhone.ActiveCfg = Release|Any CPU
		{15D6B055-4671-4C4E-821B-02D33F71F885}.AppStore|iPhone.Build.0 = Release|Any CPU
		{15D6B055-4671-4C4E-821B-02D33F71F885}.AppStore|iPhone.Deploy.0 = Release|Any CPU
		{15D6B055-4671-4C4E-821B-02D33F71F885}.AppStore|iPhoneSimulator.ActiveCfg = Release|Any CPU
		{15D6B055-4671-4C4E-821B-02D33F71F885}.AppStore|iPhoneSimulator.Build.0 = Release|Any CPU
		{15D6B055-4671-4C4E-821B-02D33F71F885}.AppStore|iPhoneSimulator.Deploy.0 = Release|Any CPU
		{15D6B055-4671-4C4E-821B-02D33F71F885}.AppStore|x64.ActiveCfg = Release|Any CPU
		{15D6B055-4671-4C4E-821B-02D33F71F885}.AppStore|x64.Build.0 = Release|Any CPU
		{15D6B055-4671-4C4E-821B-02D33F71F885}.AppStore|x64.Deploy.0 = Release|Any CPU
		{15D6B055-4671-4C4E-821B-02D33F71F885}.AppStore|x86.ActiveCfg = Release|x86
		{15D6B055-4671-4C4E-821B-02D33F71F885}.AppStore|x86.Build.0 = Release|x86
		{15D6B055-4671-4C4E-821B-02D33F71F885}.AppStore|x86.Deploy.0 = Release|x86
		{15D6B055-4671-4C4E-821B-02D33F71F885}.Debug|Any CPU.ActiveCfg = Debug|Any CPU
		{15D6B055-4671-4C4E-821B-02D33F71F885}.Debug|Any CPU.Build.0 = Debug|Any CPU
		{15D6B055-4671-4C4E-821B-02D33F71F885}.Debug|Any CPU.Deploy.0 = Debug|Any CPU
		{15D6B055-4671-4C4E-821B-02D33F71F885}.Debug|ARM.ActiveCfg = Debug|ARM
		{15D6B055-4671-4C4E-821B-02D33F71F885}.Debug|ARM.Build.0 = Debug|ARM
		{15D6B055-4671-4C4E-821B-02D33F71F885}.Debug|ARM.Deploy.0 = Debug|ARM
		{15D6B055-4671-4C4E-821B-02D33F71F885}.Debug|iPhone.ActiveCfg = Debug|Any CPU
		{15D6B055-4671-4C4E-821B-02D33F71F885}.Debug|iPhone.Build.0 = Debug|Any CPU
		{15D6B055-4671-4C4E-821B-02D33F71F885}.Debug|iPhone.Deploy.0 = Debug|Any CPU
		{15D6B055-4671-4C4E-821B-02D33F71F885}.Debug|iPhoneSimulator.ActiveCfg = Debug|Any CPU
		{15D6B055-4671-4C4E-821B-02D33F71F885}.Debug|iPhoneSimulator.Build.0 = Debug|Any CPU
		{15D6B055-4671-4C4E-821B-02D33F71F885}.Debug|iPhoneSimulator.Deploy.0 = Debug|Any CPU
		{15D6B055-4671-4C4E-821B-02D33F71F885}.Debug|x64.ActiveCfg = Debug|Any CPU
		{15D6B055-4671-4C4E-821B-02D33F71F885}.Debug|x64.Build.0 = Debug|Any CPU
		{15D6B055-4671-4C4E-821B-02D33F71F885}.Debug|x64.Deploy.0 = Debug|Any CPU
		{15D6B055-4671-4C4E-821B-02D33F71F885}.Debug|x86.ActiveCfg = Debug|x86
		{15D6B055-4671-4C4E-821B-02D33F71F885}.Debug|x86.Build.0 = Debug|x86
		{15D6B055-4671-4C4E-821B-02D33F71F885}.Debug|x86.Deploy.0 = Debug|x86
		{15D6B055-4671-4C4E-821B-02D33F71F885}.Release|Any CPU.ActiveCfg = Release|Any CPU
		{15D6B055-4671-4C4E-821B-02D33F71F885}.Release|Any CPU.Build.0 = Release|Any CPU
		{15D6B055-4671-4C4E-821B-02D33F71F885}.Release|Any CPU.Deploy.0 = Release|Any CPU
		{15D6B055-4671-4C4E-821B-02D33F71F885}.Release|ARM.ActiveCfg = Release|ARM
		{15D6B055-4671-4C4E-821B-02D33F71F885}.Release|ARM.Build.0 = Release|ARM
		{15D6B055-4671-4C4E-821B-02D33F71F885}.Release|ARM.Deploy.0 = Release|ARM
		{15D6B055-4671-4C4E-821B-02D33F71F885}.Release|iPhone.ActiveCfg = Release|Any CPU
		{15D6B055-4671-4C4E-821B-02D33F71F885}.Release|iPhone.Build.0 = Release|Any CPU
		{15D6B055-4671-4C4E-821B-02D33F71F885}.Release|iPhone.Deploy.0 = Release|Any CPU
		{15D6B055-4671-4C4E-821B-02D33F71F885}.Release|iPhoneSimulator.ActiveCfg = Release|Any CPU
		{15D6B055-4671-4C4E-821B-02D33F71F885}.Release|iPhoneSimulator.Build.0 = Release|Any CPU
		{15D6B055-4671-4C4E-821B-02D33F71F885}.Release|iPhoneSimulator.Deploy.0 = Release|Any CPU
		{15D6B055-4671-4C4E-821B-02D33F71F885}.Release|x64.ActiveCfg = Release|Any CPU
		{15D6B055-4671-4C4E-821B-02D33F71F885}.Release|x64.Build.0 = Release|Any CPU
		{15D6B055-4671-4C4E-821B-02D33F71F885}.Release|x64.Deploy.0 = Release|Any CPU
		{15D6B055-4671-4C4E-821B-02D33F71F885}.Release|x86.ActiveCfg = Release|x86
		{15D6B055-4671-4C4E-821B-02D33F71F885}.Release|x86.Build.0 = Release|x86
		{15D6B055-4671-4C4E-821B-02D33F71F885}.Release|x86.Deploy.0 = Release|x86
		{D0E3A9A0-7F85-4021-8672-30443216EAC6}.Ad-Hoc|Any CPU.ActiveCfg = Release|Any CPU
		{D0E3A9A0-7F85-4021-8672-30443216EAC6}.Ad-Hoc|Any CPU.Build.0 = Release|Any CPU
		{D0E3A9A0-7F85-4021-8672-30443216EAC6}.Ad-Hoc|Any CPU.Deploy.0 = Release|Any CPU
		{D0E3A9A0-7F85-4021-8672-30443216EAC6}.Ad-Hoc|ARM.ActiveCfg = Release|Any CPU
		{D0E3A9A0-7F85-4021-8672-30443216EAC6}.Ad-Hoc|ARM.Build.0 = Release|Any CPU
		{D0E3A9A0-7F85-4021-8672-30443216EAC6}.Ad-Hoc|ARM.Deploy.0 = Release|Any CPU
		{D0E3A9A0-7F85-4021-8672-30443216EAC6}.Ad-Hoc|iPhone.ActiveCfg = Release|Any CPU
		{D0E3A9A0-7F85-4021-8672-30443216EAC6}.Ad-Hoc|iPhone.Build.0 = Release|Any CPU
		{D0E3A9A0-7F85-4021-8672-30443216EAC6}.Ad-Hoc|iPhone.Deploy.0 = Release|Any CPU
		{D0E3A9A0-7F85-4021-8672-30443216EAC6}.Ad-Hoc|iPhoneSimulator.ActiveCfg = Release|Any CPU
		{D0E3A9A0-7F85-4021-8672-30443216EAC6}.Ad-Hoc|iPhoneSimulator.Build.0 = Release|Any CPU
		{D0E3A9A0-7F85-4021-8672-30443216EAC6}.Ad-Hoc|iPhoneSimulator.Deploy.0 = Release|Any CPU
		{D0E3A9A0-7F85-4021-8672-30443216EAC6}.Ad-Hoc|x64.ActiveCfg = Release|Any CPU
		{D0E3A9A0-7F85-4021-8672-30443216EAC6}.Ad-Hoc|x64.Build.0 = Release|Any CPU
		{D0E3A9A0-7F85-4021-8672-30443216EAC6}.Ad-Hoc|x64.Deploy.0 = Release|Any CPU
		{D0E3A9A0-7F85-4021-8672-30443216EAC6}.Ad-Hoc|x86.ActiveCfg = Release|Any CPU
		{D0E3A9A0-7F85-4021-8672-30443216EAC6}.Ad-Hoc|x86.Build.0 = Release|Any CPU
		{D0E3A9A0-7F85-4021-8672-30443216EAC6}.Ad-Hoc|x86.Deploy.0 = Release|Any CPU
		{D0E3A9A0-7F85-4021-8672-30443216EAC6}.AppStore|Any CPU.ActiveCfg = Release|Any CPU
		{D0E3A9A0-7F85-4021-8672-30443216EAC6}.AppStore|Any CPU.Build.0 = Release|Any CPU
		{D0E3A9A0-7F85-4021-8672-30443216EAC6}.AppStore|Any CPU.Deploy.0 = Release|Any CPU
		{D0E3A9A0-7F85-4021-8672-30443216EAC6}.AppStore|ARM.ActiveCfg = Release|Any CPU
		{D0E3A9A0-7F85-4021-8672-30443216EAC6}.AppStore|ARM.Build.0 = Release|Any CPU
		{D0E3A9A0-7F85-4021-8672-30443216EAC6}.AppStore|ARM.Deploy.0 = Release|Any CPU
		{D0E3A9A0-7F85-4021-8672-30443216EAC6}.AppStore|iPhone.ActiveCfg = Release|Any CPU
		{D0E3A9A0-7F85-4021-8672-30443216EAC6}.AppStore|iPhone.Build.0 = Release|Any CPU
		{D0E3A9A0-7F85-4021-8672-30443216EAC6}.AppStore|iPhone.Deploy.0 = Release|Any CPU
		{D0E3A9A0-7F85-4021-8672-30443216EAC6}.AppStore|iPhoneSimulator.ActiveCfg = Release|Any CPU
		{D0E3A9A0-7F85-4021-8672-30443216EAC6}.AppStore|iPhoneSimulator.Build.0 = Release|Any CPU
		{D0E3A9A0-7F85-4021-8672-30443216EAC6}.AppStore|iPhoneSimulator.Deploy.0 = Release|Any CPU
		{D0E3A9A0-7F85-4021-8672-30443216EAC6}.AppStore|x64.ActiveCfg = Release|Any CPU
		{D0E3A9A0-7F85-4021-8672-30443216EAC6}.AppStore|x64.Build.0 = Release|Any CPU
		{D0E3A9A0-7F85-4021-8672-30443216EAC6}.AppStore|x64.Deploy.0 = Release|Any CPU
		{D0E3A9A0-7F85-4021-8672-30443216EAC6}.AppStore|x86.ActiveCfg = Release|Any CPU
		{D0E3A9A0-7F85-4021-8672-30443216EAC6}.AppStore|x86.Build.0 = Release|Any CPU
		{D0E3A9A0-7F85-4021-8672-30443216EAC6}.AppStore|x86.Deploy.0 = Release|Any CPU
		{D0E3A9A0-7F85-4021-8672-30443216EAC6}.Debug|Any CPU.ActiveCfg = Debug|Any CPU
		{D0E3A9A0-7F85-4021-8672-30443216EAC6}.Debug|Any CPU.Build.0 = Debug|Any CPU
		{D0E3A9A0-7F85-4021-8672-30443216EAC6}.Debug|Any CPU.Deploy.0 = Debug|Any CPU
		{D0E3A9A0-7F85-4021-8672-30443216EAC6}.Debug|ARM.ActiveCfg = Debug|Any CPU
		{D0E3A9A0-7F85-4021-8672-30443216EAC6}.Debug|ARM.Build.0 = Debug|Any CPU
		{D0E3A9A0-7F85-4021-8672-30443216EAC6}.Debug|ARM.Deploy.0 = Debug|Any CPU
		{D0E3A9A0-7F85-4021-8672-30443216EAC6}.Debug|iPhone.ActiveCfg = Debug|Any CPU
		{D0E3A9A0-7F85-4021-8672-30443216EAC6}.Debug|iPhone.Build.0 = Debug|Any CPU
		{D0E3A9A0-7F85-4021-8672-30443216EAC6}.Debug|iPhone.Deploy.0 = Debug|Any CPU
		{D0E3A9A0-7F85-4021-8672-30443216EAC6}.Debug|iPhoneSimulator.ActiveCfg = Debug|Any CPU
		{D0E3A9A0-7F85-4021-8672-30443216EAC6}.Debug|iPhoneSimulator.Build.0 = Debug|Any CPU
		{D0E3A9A0-7F85-4021-8672-30443216EAC6}.Debug|iPhoneSimulator.Deploy.0 = Debug|Any CPU
		{D0E3A9A0-7F85-4021-8672-30443216EAC6}.Debug|x64.ActiveCfg = Debug|Any CPU
		{D0E3A9A0-7F85-4021-8672-30443216EAC6}.Debug|x64.Build.0 = Debug|Any CPU
		{D0E3A9A0-7F85-4021-8672-30443216EAC6}.Debug|x64.Deploy.0 = Debug|Any CPU
		{D0E3A9A0-7F85-4021-8672-30443216EAC6}.Debug|x86.ActiveCfg = Debug|Any CPU
		{D0E3A9A0-7F85-4021-8672-30443216EAC6}.Debug|x86.Build.0 = Debug|Any CPU
		{D0E3A9A0-7F85-4021-8672-30443216EAC6}.Debug|x86.Deploy.0 = Debug|Any CPU
		{D0E3A9A0-7F85-4021-8672-30443216EAC6}.Release|Any CPU.ActiveCfg = Release|Any CPU
		{D0E3A9A0-7F85-4021-8672-30443216EAC6}.Release|Any CPU.Build.0 = Release|Any CPU
		{D0E3A9A0-7F85-4021-8672-30443216EAC6}.Release|Any CPU.Deploy.0 = Release|Any CPU
		{D0E3A9A0-7F85-4021-8672-30443216EAC6}.Release|ARM.ActiveCfg = Release|Any CPU
		{D0E3A9A0-7F85-4021-8672-30443216EAC6}.Release|ARM.Build.0 = Release|Any CPU
		{D0E3A9A0-7F85-4021-8672-30443216EAC6}.Release|ARM.Deploy.0 = Release|Any CPU
		{D0E3A9A0-7F85-4021-8672-30443216EAC6}.Release|iPhone.ActiveCfg = Release|Any CPU
		{D0E3A9A0-7F85-4021-8672-30443216EAC6}.Release|iPhone.Build.0 = Release|Any CPU
		{D0E3A9A0-7F85-4021-8672-30443216EAC6}.Release|iPhone.Deploy.0 = Release|Any CPU
		{D0E3A9A0-7F85-4021-8672-30443216EAC6}.Release|iPhoneSimulator.ActiveCfg = Release|Any CPU
		{D0E3A9A0-7F85-4021-8672-30443216EAC6}.Release|iPhoneSimulator.Build.0 = Release|Any CPU
		{D0E3A9A0-7F85-4021-8672-30443216EAC6}.Release|iPhoneSimulator.Deploy.0 = Release|Any CPU
		{D0E3A9A0-7F85-4021-8672-30443216EAC6}.Release|x64.ActiveCfg = Release|Any CPU
		{D0E3A9A0-7F85-4021-8672-30443216EAC6}.Release|x64.Build.0 = Release|Any CPU
		{D0E3A9A0-7F85-4021-8672-30443216EAC6}.Release|x64.Deploy.0 = Release|Any CPU
		{D0E3A9A0-7F85-4021-8672-30443216EAC6}.Release|x86.ActiveCfg = Release|Any CPU
		{D0E3A9A0-7F85-4021-8672-30443216EAC6}.Release|x86.Build.0 = Release|Any CPU
		{D0E3A9A0-7F85-4021-8672-30443216EAC6}.Release|x86.Deploy.0 = Release|Any CPU
		{9199BAA5-5318-4D20-BB42-729BB74FA018}.Ad-Hoc|Any CPU.ActiveCfg = Ad-Hoc|iPhone
		{9199BAA5-5318-4D20-BB42-729BB74FA018}.Ad-Hoc|ARM.ActiveCfg = Ad-Hoc|iPhone
		{9199BAA5-5318-4D20-BB42-729BB74FA018}.Ad-Hoc|iPhone.ActiveCfg = Ad-Hoc|iPhone
		{9199BAA5-5318-4D20-BB42-729BB74FA018}.Ad-Hoc|iPhone.Build.0 = Ad-Hoc|iPhone
		{9199BAA5-5318-4D20-BB42-729BB74FA018}.Ad-Hoc|iPhoneSimulator.ActiveCfg = Ad-Hoc|iPhoneSimulator
		{9199BAA5-5318-4D20-BB42-729BB74FA018}.Ad-Hoc|iPhoneSimulator.Build.0 = Ad-Hoc|iPhoneSimulator
		{9199BAA5-5318-4D20-BB42-729BB74FA018}.Ad-Hoc|x64.ActiveCfg = Ad-Hoc|iPhone
		{9199BAA5-5318-4D20-BB42-729BB74FA018}.Ad-Hoc|x86.ActiveCfg = Ad-Hoc|iPhone
		{9199BAA5-5318-4D20-BB42-729BB74FA018}.AppStore|Any CPU.ActiveCfg = AppStore|iPhone
		{9199BAA5-5318-4D20-BB42-729BB74FA018}.AppStore|ARM.ActiveCfg = AppStore|iPhone
		{9199BAA5-5318-4D20-BB42-729BB74FA018}.AppStore|iPhone.ActiveCfg = AppStore|iPhone
		{9199BAA5-5318-4D20-BB42-729BB74FA018}.AppStore|iPhone.Build.0 = AppStore|iPhone
		{9199BAA5-5318-4D20-BB42-729BB74FA018}.AppStore|iPhoneSimulator.ActiveCfg = AppStore|iPhoneSimulator
		{9199BAA5-5318-4D20-BB42-729BB74FA018}.AppStore|iPhoneSimulator.Build.0 = AppStore|iPhoneSimulator
		{9199BAA5-5318-4D20-BB42-729BB74FA018}.AppStore|x64.ActiveCfg = AppStore|iPhone
		{9199BAA5-5318-4D20-BB42-729BB74FA018}.AppStore|x86.ActiveCfg = AppStore|iPhone
		{9199BAA5-5318-4D20-BB42-729BB74FA018}.Debug|Any CPU.ActiveCfg = Debug|iPhone
		{9199BAA5-5318-4D20-BB42-729BB74FA018}.Debug|ARM.ActiveCfg = Debug|iPhone
		{9199BAA5-5318-4D20-BB42-729BB74FA018}.Debug|iPhone.ActiveCfg = Debug|iPhone
		{9199BAA5-5318-4D20-BB42-729BB74FA018}.Debug|iPhone.Build.0 = Debug|iPhone
		{9199BAA5-5318-4D20-BB42-729BB74FA018}.Debug|iPhoneSimulator.ActiveCfg = Debug|iPhoneSimulator
		{9199BAA5-5318-4D20-BB42-729BB74FA018}.Debug|iPhoneSimulator.Build.0 = Debug|iPhoneSimulator
		{9199BAA5-5318-4D20-BB42-729BB74FA018}.Debug|x64.ActiveCfg = Debug|iPhone
		{9199BAA5-5318-4D20-BB42-729BB74FA018}.Debug|x86.ActiveCfg = Debug|iPhone
		{9199BAA5-5318-4D20-BB42-729BB74FA018}.Release|Any CPU.ActiveCfg = Release|iPhone
		{9199BAA5-5318-4D20-BB42-729BB74FA018}.Release|ARM.ActiveCfg = Release|iPhone
		{9199BAA5-5318-4D20-BB42-729BB74FA018}.Release|iPhone.ActiveCfg = Release|iPhone
		{9199BAA5-5318-4D20-BB42-729BB74FA018}.Release|iPhone.Build.0 = Release|iPhone
		{9199BAA5-5318-4D20-BB42-729BB74FA018}.Release|iPhoneSimulator.ActiveCfg = Release|iPhoneSimulator
		{9199BAA5-5318-4D20-BB42-729BB74FA018}.Release|iPhoneSimulator.Build.0 = Release|iPhoneSimulator
		{9199BAA5-5318-4D20-BB42-729BB74FA018}.Release|x64.ActiveCfg = Release|iPhone
		{9199BAA5-5318-4D20-BB42-729BB74FA018}.Release|x86.ActiveCfg = Release|iPhone
		{D12A94CE-40EF-483E-B344-78247A5AB6A7}.Ad-Hoc|Any CPU.ActiveCfg = Release|Any CPU
		{D12A94CE-40EF-483E-B344-78247A5AB6A7}.Ad-Hoc|Any CPU.Build.0 = Release|Any CPU
		{D12A94CE-40EF-483E-B344-78247A5AB6A7}.Ad-Hoc|Any CPU.Deploy.0 = Release|Any CPU
		{D12A94CE-40EF-483E-B344-78247A5AB6A7}.Ad-Hoc|ARM.ActiveCfg = Release|ARM
		{D12A94CE-40EF-483E-B344-78247A5AB6A7}.Ad-Hoc|ARM.Build.0 = Release|ARM
		{D12A94CE-40EF-483E-B344-78247A5AB6A7}.Ad-Hoc|ARM.Deploy.0 = Release|ARM
		{D12A94CE-40EF-483E-B344-78247A5AB6A7}.Ad-Hoc|iPhone.ActiveCfg = Release|Any CPU
		{D12A94CE-40EF-483E-B344-78247A5AB6A7}.Ad-Hoc|iPhone.Build.0 = Release|Any CPU
		{D12A94CE-40EF-483E-B344-78247A5AB6A7}.Ad-Hoc|iPhone.Deploy.0 = Release|Any CPU
		{D12A94CE-40EF-483E-B344-78247A5AB6A7}.Ad-Hoc|iPhoneSimulator.ActiveCfg = Release|Any CPU
		{D12A94CE-40EF-483E-B344-78247A5AB6A7}.Ad-Hoc|iPhoneSimulator.Build.0 = Release|Any CPU
		{D12A94CE-40EF-483E-B344-78247A5AB6A7}.Ad-Hoc|iPhoneSimulator.Deploy.0 = Release|Any CPU
		{D12A94CE-40EF-483E-B344-78247A5AB6A7}.Ad-Hoc|x64.ActiveCfg = Release|Any CPU
		{D12A94CE-40EF-483E-B344-78247A5AB6A7}.Ad-Hoc|x64.Build.0 = Release|Any CPU
		{D12A94CE-40EF-483E-B344-78247A5AB6A7}.Ad-Hoc|x64.Deploy.0 = Release|Any CPU
		{D12A94CE-40EF-483E-B344-78247A5AB6A7}.Ad-Hoc|x86.ActiveCfg = Release|x86
		{D12A94CE-40EF-483E-B344-78247A5AB6A7}.Ad-Hoc|x86.Build.0 = Release|x86
		{D12A94CE-40EF-483E-B344-78247A5AB6A7}.Ad-Hoc|x86.Deploy.0 = Release|x86
		{D12A94CE-40EF-483E-B344-78247A5AB6A7}.AppStore|Any CPU.ActiveCfg = Release|Any CPU
		{D12A94CE-40EF-483E-B344-78247A5AB6A7}.AppStore|Any CPU.Build.0 = Release|Any CPU
		{D12A94CE-40EF-483E-B344-78247A5AB6A7}.AppStore|Any CPU.Deploy.0 = Release|Any CPU
		{D12A94CE-40EF-483E-B344-78247A5AB6A7}.AppStore|ARM.ActiveCfg = Release|ARM
		{D12A94CE-40EF-483E-B344-78247A5AB6A7}.AppStore|ARM.Build.0 = Release|ARM
		{D12A94CE-40EF-483E-B344-78247A5AB6A7}.AppStore|ARM.Deploy.0 = Release|ARM
		{D12A94CE-40EF-483E-B344-78247A5AB6A7}.AppStore|iPhone.ActiveCfg = Release|Any CPU
		{D12A94CE-40EF-483E-B344-78247A5AB6A7}.AppStore|iPhone.Build.0 = Release|Any CPU
		{D12A94CE-40EF-483E-B344-78247A5AB6A7}.AppStore|iPhone.Deploy.0 = Release|Any CPU
		{D12A94CE-40EF-483E-B344-78247A5AB6A7}.AppStore|iPhoneSimulator.ActiveCfg = Release|Any CPU
		{D12A94CE-40EF-483E-B344-78247A5AB6A7}.AppStore|iPhoneSimulator.Build.0 = Release|Any CPU
		{D12A94CE-40EF-483E-B344-78247A5AB6A7}.AppStore|iPhoneSimulator.Deploy.0 = Release|Any CPU
		{D12A94CE-40EF-483E-B344-78247A5AB6A7}.AppStore|x64.ActiveCfg = Release|Any CPU
		{D12A94CE-40EF-483E-B344-78247A5AB6A7}.AppStore|x64.Build.0 = Release|Any CPU
		{D12A94CE-40EF-483E-B344-78247A5AB6A7}.AppStore|x64.Deploy.0 = Release|Any CPU
		{D12A94CE-40EF-483E-B344-78247A5AB6A7}.AppStore|x86.ActiveCfg = Release|x86
		{D12A94CE-40EF-483E-B344-78247A5AB6A7}.AppStore|x86.Build.0 = Release|x86
		{D12A94CE-40EF-483E-B344-78247A5AB6A7}.AppStore|x86.Deploy.0 = Release|x86
		{D12A94CE-40EF-483E-B344-78247A5AB6A7}.Debug|Any CPU.ActiveCfg = Debug|Any CPU
		{D12A94CE-40EF-483E-B344-78247A5AB6A7}.Debug|Any CPU.Build.0 = Debug|Any CPU
		{D12A94CE-40EF-483E-B344-78247A5AB6A7}.Debug|Any CPU.Deploy.0 = Debug|Any CPU
		{D12A94CE-40EF-483E-B344-78247A5AB6A7}.Debug|ARM.ActiveCfg = Debug|ARM
		{D12A94CE-40EF-483E-B344-78247A5AB6A7}.Debug|ARM.Build.0 = Debug|ARM
		{D12A94CE-40EF-483E-B344-78247A5AB6A7}.Debug|ARM.Deploy.0 = Debug|ARM
		{D12A94CE-40EF-483E-B344-78247A5AB6A7}.Debug|iPhone.ActiveCfg = Debug|Any CPU
		{D12A94CE-40EF-483E-B344-78247A5AB6A7}.Debug|iPhone.Build.0 = Debug|Any CPU
		{D12A94CE-40EF-483E-B344-78247A5AB6A7}.Debug|iPhone.Deploy.0 = Debug|Any CPU
		{D12A94CE-40EF-483E-B344-78247A5AB6A7}.Debug|iPhoneSimulator.ActiveCfg = Debug|Any CPU
		{D12A94CE-40EF-483E-B344-78247A5AB6A7}.Debug|iPhoneSimulator.Build.0 = Debug|Any CPU
		{D12A94CE-40EF-483E-B344-78247A5AB6A7}.Debug|iPhoneSimulator.Deploy.0 = Debug|Any CPU
		{D12A94CE-40EF-483E-B344-78247A5AB6A7}.Debug|x64.ActiveCfg = Debug|Any CPU
		{D12A94CE-40EF-483E-B344-78247A5AB6A7}.Debug|x64.Build.0 = Debug|Any CPU
		{D12A94CE-40EF-483E-B344-78247A5AB6A7}.Debug|x64.Deploy.0 = Debug|Any CPU
		{D12A94CE-40EF-483E-B344-78247A5AB6A7}.Debug|x86.ActiveCfg = Debug|x86
		{D12A94CE-40EF-483E-B344-78247A5AB6A7}.Debug|x86.Build.0 = Debug|x86
		{D12A94CE-40EF-483E-B344-78247A5AB6A7}.Debug|x86.Deploy.0 = Debug|x86
		{D12A94CE-40EF-483E-B344-78247A5AB6A7}.Release|Any CPU.ActiveCfg = Release|Any CPU
		{D12A94CE-40EF-483E-B344-78247A5AB6A7}.Release|Any CPU.Build.0 = Release|Any CPU
		{D12A94CE-40EF-483E-B344-78247A5AB6A7}.Release|Any CPU.Deploy.0 = Release|Any CPU
		{D12A94CE-40EF-483E-B344-78247A5AB6A7}.Release|ARM.ActiveCfg = Release|ARM
		{D12A94CE-40EF-483E-B344-78247A5AB6A7}.Release|ARM.Build.0 = Release|ARM
		{D12A94CE-40EF-483E-B344-78247A5AB6A7}.Release|ARM.Deploy.0 = Release|ARM
		{D12A94CE-40EF-483E-B344-78247A5AB6A7}.Release|iPhone.ActiveCfg = Release|Any CPU
		{D12A94CE-40EF-483E-B344-78247A5AB6A7}.Release|iPhone.Build.0 = Release|Any CPU
		{D12A94CE-40EF-483E-B344-78247A5AB6A7}.Release|iPhone.Deploy.0 = Release|Any CPU
		{D12A94CE-40EF-483E-B344-78247A5AB6A7}.Release|iPhoneSimulator.ActiveCfg = Release|Any CPU
		{D12A94CE-40EF-483E-B344-78247A5AB6A7}.Release|iPhoneSimulator.Build.0 = Release|Any CPU
		{D12A94CE-40EF-483E-B344-78247A5AB6A7}.Release|iPhoneSimulator.Deploy.0 = Release|Any CPU
		{D12A94CE-40EF-483E-B344-78247A5AB6A7}.Release|x64.ActiveCfg = Release|Any CPU
		{D12A94CE-40EF-483E-B344-78247A5AB6A7}.Release|x64.Build.0 = Release|Any CPU
		{D12A94CE-40EF-483E-B344-78247A5AB6A7}.Release|x64.Deploy.0 = Release|Any CPU
		{D12A94CE-40EF-483E-B344-78247A5AB6A7}.Release|x86.ActiveCfg = Release|x86
		{D12A94CE-40EF-483E-B344-78247A5AB6A7}.Release|x86.Build.0 = Release|x86
		{D12A94CE-40EF-483E-B344-78247A5AB6A7}.Release|x86.Deploy.0 = Release|x86
		{484565D2-BD63-426D-9936-645632EE874B}.Ad-Hoc|Any CPU.ActiveCfg = Release|x86
		{484565D2-BD63-426D-9936-645632EE874B}.Ad-Hoc|Any CPU.Build.0 = Release|x86
		{484565D2-BD63-426D-9936-645632EE874B}.Ad-Hoc|Any CPU.Deploy.0 = Release|x86
		{484565D2-BD63-426D-9936-645632EE874B}.Ad-Hoc|ARM.ActiveCfg = Release|ARM
		{484565D2-BD63-426D-9936-645632EE874B}.Ad-Hoc|ARM.Build.0 = Release|ARM
		{484565D2-BD63-426D-9936-645632EE874B}.Ad-Hoc|ARM.Deploy.0 = Release|ARM
		{484565D2-BD63-426D-9936-645632EE874B}.Ad-Hoc|iPhone.ActiveCfg = Release|x86
		{484565D2-BD63-426D-9936-645632EE874B}.Ad-Hoc|iPhone.Build.0 = Release|x86
		{484565D2-BD63-426D-9936-645632EE874B}.Ad-Hoc|iPhone.Deploy.0 = Release|x86
		{484565D2-BD63-426D-9936-645632EE874B}.Ad-Hoc|iPhoneSimulator.ActiveCfg = Release|x86
		{484565D2-BD63-426D-9936-645632EE874B}.Ad-Hoc|iPhoneSimulator.Build.0 = Release|x86
		{484565D2-BD63-426D-9936-645632EE874B}.Ad-Hoc|iPhoneSimulator.Deploy.0 = Release|x86
		{484565D2-BD63-426D-9936-645632EE874B}.Ad-Hoc|x64.ActiveCfg = Release|x64
		{484565D2-BD63-426D-9936-645632EE874B}.Ad-Hoc|x64.Build.0 = Release|x64
		{484565D2-BD63-426D-9936-645632EE874B}.Ad-Hoc|x64.Deploy.0 = Release|x64
		{484565D2-BD63-426D-9936-645632EE874B}.Ad-Hoc|x86.ActiveCfg = Release|x86
		{484565D2-BD63-426D-9936-645632EE874B}.Ad-Hoc|x86.Build.0 = Release|x86
		{484565D2-BD63-426D-9936-645632EE874B}.Ad-Hoc|x86.Deploy.0 = Release|x86
		{484565D2-BD63-426D-9936-645632EE874B}.AppStore|Any CPU.ActiveCfg = Release|x86
		{484565D2-BD63-426D-9936-645632EE874B}.AppStore|Any CPU.Build.0 = Release|x86
		{484565D2-BD63-426D-9936-645632EE874B}.AppStore|Any CPU.Deploy.0 = Release|x86
		{484565D2-BD63-426D-9936-645632EE874B}.AppStore|ARM.ActiveCfg = Release|ARM
		{484565D2-BD63-426D-9936-645632EE874B}.AppStore|ARM.Build.0 = Release|ARM
		{484565D2-BD63-426D-9936-645632EE874B}.AppStore|ARM.Deploy.0 = Release|ARM
		{484565D2-BD63-426D-9936-645632EE874B}.AppStore|iPhone.ActiveCfg = Release|x86
		{484565D2-BD63-426D-9936-645632EE874B}.AppStore|iPhone.Build.0 = Release|x86
		{484565D2-BD63-426D-9936-645632EE874B}.AppStore|iPhone.Deploy.0 = Release|x86
		{484565D2-BD63-426D-9936-645632EE874B}.AppStore|iPhoneSimulator.ActiveCfg = Release|x86
		{484565D2-BD63-426D-9936-645632EE874B}.AppStore|iPhoneSimulator.Build.0 = Release|x86
		{484565D2-BD63-426D-9936-645632EE874B}.AppStore|iPhoneSimulator.Deploy.0 = Release|x86
		{484565D2-BD63-426D-9936-645632EE874B}.AppStore|x64.ActiveCfg = Release|x64
		{484565D2-BD63-426D-9936-645632EE874B}.AppStore|x64.Build.0 = Release|x64
		{484565D2-BD63-426D-9936-645632EE874B}.AppStore|x64.Deploy.0 = Release|x64
		{484565D2-BD63-426D-9936-645632EE874B}.AppStore|x86.ActiveCfg = Release|x86
		{484565D2-BD63-426D-9936-645632EE874B}.AppStore|x86.Build.0 = Release|x86
		{484565D2-BD63-426D-9936-645632EE874B}.AppStore|x86.Deploy.0 = Release|x86
		{484565D2-BD63-426D-9936-645632EE874B}.Debug|Any CPU.ActiveCfg = Debug|x86
		{484565D2-BD63-426D-9936-645632EE874B}.Debug|ARM.ActiveCfg = Debug|ARM
		{484565D2-BD63-426D-9936-645632EE874B}.Debug|ARM.Build.0 = Debug|ARM
		{484565D2-BD63-426D-9936-645632EE874B}.Debug|ARM.Deploy.0 = Debug|ARM
		{484565D2-BD63-426D-9936-645632EE874B}.Debug|iPhone.ActiveCfg = Debug|x86
		{484565D2-BD63-426D-9936-645632EE874B}.Debug|iPhoneSimulator.ActiveCfg = Debug|x86
		{484565D2-BD63-426D-9936-645632EE874B}.Debug|x64.ActiveCfg = Debug|x64
		{484565D2-BD63-426D-9936-645632EE874B}.Debug|x64.Build.0 = Debug|x64
		{484565D2-BD63-426D-9936-645632EE874B}.Debug|x64.Deploy.0 = Debug|x64
		{484565D2-BD63-426D-9936-645632EE874B}.Debug|x86.ActiveCfg = Debug|x86
		{484565D2-BD63-426D-9936-645632EE874B}.Debug|x86.Build.0 = Debug|x86
		{484565D2-BD63-426D-9936-645632EE874B}.Debug|x86.Deploy.0 = Debug|x86
		{484565D2-BD63-426D-9936-645632EE874B}.Release|Any CPU.ActiveCfg = Release|x86
		{484565D2-BD63-426D-9936-645632EE874B}.Release|ARM.ActiveCfg = Release|ARM
		{484565D2-BD63-426D-9936-645632EE874B}.Release|ARM.Build.0 = Release|ARM
		{484565D2-BD63-426D-9936-645632EE874B}.Release|ARM.Deploy.0 = Release|ARM
		{484565D2-BD63-426D-9936-645632EE874B}.Release|iPhone.ActiveCfg = Release|x86
		{484565D2-BD63-426D-9936-645632EE874B}.Release|iPhoneSimulator.ActiveCfg = Release|x86
		{484565D2-BD63-426D-9936-645632EE874B}.Release|x64.ActiveCfg = Release|x64
		{484565D2-BD63-426D-9936-645632EE874B}.Release|x64.Build.0 = Release|x64
		{484565D2-BD63-426D-9936-645632EE874B}.Release|x64.Deploy.0 = Release|x64
		{484565D2-BD63-426D-9936-645632EE874B}.Release|x86.ActiveCfg = Release|x86
		{484565D2-BD63-426D-9936-645632EE874B}.Release|x86.Build.0 = Release|x86
		{484565D2-BD63-426D-9936-645632EE874B}.Release|x86.Deploy.0 = Release|x86
		{C51D88DD-544D-4637-84D3-E11A40F3CB29}.Ad-Hoc|Any CPU.ActiveCfg = Release|Any CPU
		{C51D88DD-544D-4637-84D3-E11A40F3CB29}.Ad-Hoc|Any CPU.Build.0 = Release|Any CPU
		{C51D88DD-544D-4637-84D3-E11A40F3CB29}.Ad-Hoc|Any CPU.Deploy.0 = Release|Any CPU
		{C51D88DD-544D-4637-84D3-E11A40F3CB29}.Ad-Hoc|ARM.ActiveCfg = Release|ARM
		{C51D88DD-544D-4637-84D3-E11A40F3CB29}.Ad-Hoc|ARM.Build.0 = Release|ARM
		{C51D88DD-544D-4637-84D3-E11A40F3CB29}.Ad-Hoc|ARM.Deploy.0 = Release|ARM
		{C51D88DD-544D-4637-84D3-E11A40F3CB29}.Ad-Hoc|iPhone.ActiveCfg = Release|Any CPU
		{C51D88DD-544D-4637-84D3-E11A40F3CB29}.Ad-Hoc|iPhone.Build.0 = Release|Any CPU
		{C51D88DD-544D-4637-84D3-E11A40F3CB29}.Ad-Hoc|iPhone.Deploy.0 = Release|Any CPU
		{C51D88DD-544D-4637-84D3-E11A40F3CB29}.Ad-Hoc|iPhoneSimulator.ActiveCfg = Release|Any CPU
		{C51D88DD-544D-4637-84D3-E11A40F3CB29}.Ad-Hoc|iPhoneSimulator.Build.0 = Release|Any CPU
		{C51D88DD-544D-4637-84D3-E11A40F3CB29}.Ad-Hoc|iPhoneSimulator.Deploy.0 = Release|Any CPU
		{C51D88DD-544D-4637-84D3-E11A40F3CB29}.Ad-Hoc|x64.ActiveCfg = Release|x64
		{C51D88DD-544D-4637-84D3-E11A40F3CB29}.Ad-Hoc|x64.Build.0 = Release|x64
		{C51D88DD-544D-4637-84D3-E11A40F3CB29}.Ad-Hoc|x64.Deploy.0 = Release|x64
		{C51D88DD-544D-4637-84D3-E11A40F3CB29}.Ad-Hoc|x86.ActiveCfg = Release|x86
		{C51D88DD-544D-4637-84D3-E11A40F3CB29}.Ad-Hoc|x86.Build.0 = Release|x86
		{C51D88DD-544D-4637-84D3-E11A40F3CB29}.Ad-Hoc|x86.Deploy.0 = Release|x86
		{C51D88DD-544D-4637-84D3-E11A40F3CB29}.AppStore|Any CPU.ActiveCfg = Release|Any CPU
		{C51D88DD-544D-4637-84D3-E11A40F3CB29}.AppStore|Any CPU.Build.0 = Release|Any CPU
		{C51D88DD-544D-4637-84D3-E11A40F3CB29}.AppStore|Any CPU.Deploy.0 = Release|Any CPU
		{C51D88DD-544D-4637-84D3-E11A40F3CB29}.AppStore|ARM.ActiveCfg = Release|ARM
		{C51D88DD-544D-4637-84D3-E11A40F3CB29}.AppStore|ARM.Build.0 = Release|ARM
		{C51D88DD-544D-4637-84D3-E11A40F3CB29}.AppStore|ARM.Deploy.0 = Release|ARM
		{C51D88DD-544D-4637-84D3-E11A40F3CB29}.AppStore|iPhone.ActiveCfg = Release|Any CPU
		{C51D88DD-544D-4637-84D3-E11A40F3CB29}.AppStore|iPhone.Build.0 = Release|Any CPU
		{C51D88DD-544D-4637-84D3-E11A40F3CB29}.AppStore|iPhone.Deploy.0 = Release|Any CPU
		{C51D88DD-544D-4637-84D3-E11A40F3CB29}.AppStore|iPhoneSimulator.ActiveCfg = Release|Any CPU
		{C51D88DD-544D-4637-84D3-E11A40F3CB29}.AppStore|iPhoneSimulator.Build.0 = Release|Any CPU
		{C51D88DD-544D-4637-84D3-E11A40F3CB29}.AppStore|iPhoneSimulator.Deploy.0 = Release|Any CPU
		{C51D88DD-544D-4637-84D3-E11A40F3CB29}.AppStore|x64.ActiveCfg = Release|x64
		{C51D88DD-544D-4637-84D3-E11A40F3CB29}.AppStore|x64.Build.0 = Release|x64
		{C51D88DD-544D-4637-84D3-E11A40F3CB29}.AppStore|x64.Deploy.0 = Release|x64
		{C51D88DD-544D-4637-84D3-E11A40F3CB29}.AppStore|x86.ActiveCfg = Release|x86
		{C51D88DD-544D-4637-84D3-E11A40F3CB29}.AppStore|x86.Build.0 = Release|x86
		{C51D88DD-544D-4637-84D3-E11A40F3CB29}.AppStore|x86.Deploy.0 = Release|x86
		{C51D88DD-544D-4637-84D3-E11A40F3CB29}.Debug|Any CPU.ActiveCfg = Debug|Any CPU
		{C51D88DD-544D-4637-84D3-E11A40F3CB29}.Debug|Any CPU.Build.0 = Debug|Any CPU
		{C51D88DD-544D-4637-84D3-E11A40F3CB29}.Debug|Any CPU.Deploy.0 = Debug|Any CPU
		{C51D88DD-544D-4637-84D3-E11A40F3CB29}.Debug|ARM.ActiveCfg = Debug|ARM
		{C51D88DD-544D-4637-84D3-E11A40F3CB29}.Debug|ARM.Build.0 = Debug|ARM
		{C51D88DD-544D-4637-84D3-E11A40F3CB29}.Debug|ARM.Deploy.0 = Debug|ARM
		{C51D88DD-544D-4637-84D3-E11A40F3CB29}.Debug|iPhone.ActiveCfg = Debug|Any CPU
		{C51D88DD-544D-4637-84D3-E11A40F3CB29}.Debug|iPhone.Build.0 = Debug|Any CPU
		{C51D88DD-544D-4637-84D3-E11A40F3CB29}.Debug|iPhone.Deploy.0 = Debug|Any CPU
		{C51D88DD-544D-4637-84D3-E11A40F3CB29}.Debug|iPhoneSimulator.ActiveCfg = Debug|Any CPU
		{C51D88DD-544D-4637-84D3-E11A40F3CB29}.Debug|iPhoneSimulator.Build.0 = Debug|Any CPU
		{C51D88DD-544D-4637-84D3-E11A40F3CB29}.Debug|iPhoneSimulator.Deploy.0 = Debug|Any CPU
		{C51D88DD-544D-4637-84D3-E11A40F3CB29}.Debug|x64.ActiveCfg = Debug|x64
		{C51D88DD-544D-4637-84D3-E11A40F3CB29}.Debug|x64.Build.0 = Debug|x64
		{C51D88DD-544D-4637-84D3-E11A40F3CB29}.Debug|x64.Deploy.0 = Debug|x64
		{C51D88DD-544D-4637-84D3-E11A40F3CB29}.Debug|x86.ActiveCfg = Debug|x86
		{C51D88DD-544D-4637-84D3-E11A40F3CB29}.Debug|x86.Build.0 = Debug|x86
		{C51D88DD-544D-4637-84D3-E11A40F3CB29}.Debug|x86.Deploy.0 = Debug|x86
		{C51D88DD-544D-4637-84D3-E11A40F3CB29}.Release|Any CPU.ActiveCfg = Release|Any CPU
		{C51D88DD-544D-4637-84D3-E11A40F3CB29}.Release|Any CPU.Build.0 = Release|Any CPU
		{C51D88DD-544D-4637-84D3-E11A40F3CB29}.Release|Any CPU.Deploy.0 = Release|Any CPU
		{C51D88DD-544D-4637-84D3-E11A40F3CB29}.Release|ARM.ActiveCfg = Release|ARM
		{C51D88DD-544D-4637-84D3-E11A40F3CB29}.Release|ARM.Build.0 = Release|ARM
		{C51D88DD-544D-4637-84D3-E11A40F3CB29}.Release|ARM.Deploy.0 = Release|ARM
		{C51D88DD-544D-4637-84D3-E11A40F3CB29}.Release|iPhone.ActiveCfg = Release|Any CPU
		{C51D88DD-544D-4637-84D3-E11A40F3CB29}.Release|iPhone.Build.0 = Release|Any CPU
		{C51D88DD-544D-4637-84D3-E11A40F3CB29}.Release|iPhone.Deploy.0 = Release|Any CPU
		{C51D88DD-544D-4637-84D3-E11A40F3CB29}.Release|iPhoneSimulator.ActiveCfg = Release|Any CPU
		{C51D88DD-544D-4637-84D3-E11A40F3CB29}.Release|iPhoneSimulator.Build.0 = Release|Any CPU
		{C51D88DD-544D-4637-84D3-E11A40F3CB29}.Release|iPhoneSimulator.Deploy.0 = Release|Any CPU
		{C51D88DD-544D-4637-84D3-E11A40F3CB29}.Release|x64.ActiveCfg = Release|x64
		{C51D88DD-544D-4637-84D3-E11A40F3CB29}.Release|x64.Build.0 = Release|x64
		{C51D88DD-544D-4637-84D3-E11A40F3CB29}.Release|x64.Deploy.0 = Release|x64
		{C51D88DD-544D-4637-84D3-E11A40F3CB29}.Release|x86.ActiveCfg = Release|x86
		{C51D88DD-544D-4637-84D3-E11A40F3CB29}.Release|x86.Build.0 = Release|x86
		{C51D88DD-544D-4637-84D3-E11A40F3CB29}.Release|x86.Deploy.0 = Release|x86
		{0A577CE6-F7DD-4073-9295-2F17BDAEAD6B}.Ad-Hoc|Any CPU.ActiveCfg = Release|Any CPU
		{0A577CE6-F7DD-4073-9295-2F17BDAEAD6B}.Ad-Hoc|Any CPU.Build.0 = Release|Any CPU
		{0A577CE6-F7DD-4073-9295-2F17BDAEAD6B}.Ad-Hoc|ARM.ActiveCfg = Release|Any CPU
		{0A577CE6-F7DD-4073-9295-2F17BDAEAD6B}.Ad-Hoc|ARM.Build.0 = Release|Any CPU
		{0A577CE6-F7DD-4073-9295-2F17BDAEAD6B}.Ad-Hoc|iPhone.ActiveCfg = Release|Any CPU
		{0A577CE6-F7DD-4073-9295-2F17BDAEAD6B}.Ad-Hoc|iPhone.Build.0 = Release|Any CPU
		{0A577CE6-F7DD-4073-9295-2F17BDAEAD6B}.Ad-Hoc|iPhoneSimulator.ActiveCfg = Release|Any CPU
		{0A577CE6-F7DD-4073-9295-2F17BDAEAD6B}.Ad-Hoc|iPhoneSimulator.Build.0 = Release|Any CPU
		{0A577CE6-F7DD-4073-9295-2F17BDAEAD6B}.Ad-Hoc|x64.ActiveCfg = Release|Any CPU
		{0A577CE6-F7DD-4073-9295-2F17BDAEAD6B}.Ad-Hoc|x64.Build.0 = Release|Any CPU
		{0A577CE6-F7DD-4073-9295-2F17BDAEAD6B}.Ad-Hoc|x86.ActiveCfg = Release|Any CPU
		{0A577CE6-F7DD-4073-9295-2F17BDAEAD6B}.Ad-Hoc|x86.Build.0 = Release|Any CPU
		{0A577CE6-F7DD-4073-9295-2F17BDAEAD6B}.AppStore|Any CPU.ActiveCfg = Release|Any CPU
		{0A577CE6-F7DD-4073-9295-2F17BDAEAD6B}.AppStore|Any CPU.Build.0 = Release|Any CPU
		{0A577CE6-F7DD-4073-9295-2F17BDAEAD6B}.AppStore|ARM.ActiveCfg = Release|Any CPU
		{0A577CE6-F7DD-4073-9295-2F17BDAEAD6B}.AppStore|ARM.Build.0 = Release|Any CPU
		{0A577CE6-F7DD-4073-9295-2F17BDAEAD6B}.AppStore|iPhone.ActiveCfg = Release|Any CPU
		{0A577CE6-F7DD-4073-9295-2F17BDAEAD6B}.AppStore|iPhone.Build.0 = Release|Any CPU
		{0A577CE6-F7DD-4073-9295-2F17BDAEAD6B}.AppStore|iPhoneSimulator.ActiveCfg = Release|Any CPU
		{0A577CE6-F7DD-4073-9295-2F17BDAEAD6B}.AppStore|iPhoneSimulator.Build.0 = Release|Any CPU
		{0A577CE6-F7DD-4073-9295-2F17BDAEAD6B}.AppStore|x64.ActiveCfg = Release|Any CPU
		{0A577CE6-F7DD-4073-9295-2F17BDAEAD6B}.AppStore|x64.Build.0 = Release|Any CPU
		{0A577CE6-F7DD-4073-9295-2F17BDAEAD6B}.AppStore|x86.ActiveCfg = Release|Any CPU
		{0A577CE6-F7DD-4073-9295-2F17BDAEAD6B}.AppStore|x86.Build.0 = Release|Any CPU
		{0A577CE6-F7DD-4073-9295-2F17BDAEAD6B}.Debug|Any CPU.ActiveCfg = Debug|Any CPU
		{0A577CE6-F7DD-4073-9295-2F17BDAEAD6B}.Debug|Any CPU.Build.0 = Debug|Any CPU
		{0A577CE6-F7DD-4073-9295-2F17BDAEAD6B}.Debug|ARM.ActiveCfg = Debug|Any CPU
		{0A577CE6-F7DD-4073-9295-2F17BDAEAD6B}.Debug|ARM.Build.0 = Debug|Any CPU
		{0A577CE6-F7DD-4073-9295-2F17BDAEAD6B}.Debug|iPhone.ActiveCfg = Debug|Any CPU
		{0A577CE6-F7DD-4073-9295-2F17BDAEAD6B}.Debug|iPhone.Build.0 = Debug|Any CPU
		{0A577CE6-F7DD-4073-9295-2F17BDAEAD6B}.Debug|iPhoneSimulator.ActiveCfg = Debug|Any CPU
		{0A577CE6-F7DD-4073-9295-2F17BDAEAD6B}.Debug|iPhoneSimulator.Build.0 = Debug|Any CPU
		{0A577CE6-F7DD-4073-9295-2F17BDAEAD6B}.Debug|x64.ActiveCfg = Debug|Any CPU
		{0A577CE6-F7DD-4073-9295-2F17BDAEAD6B}.Debug|x64.Build.0 = Debug|Any CPU
		{0A577CE6-F7DD-4073-9295-2F17BDAEAD6B}.Debug|x86.ActiveCfg = Debug|Any CPU
		{0A577CE6-F7DD-4073-9295-2F17BDAEAD6B}.Debug|x86.Build.0 = Debug|Any CPU
		{0A577CE6-F7DD-4073-9295-2F17BDAEAD6B}.Release|Any CPU.ActiveCfg = Release|Any CPU
		{0A577CE6-F7DD-4073-9295-2F17BDAEAD6B}.Release|Any CPU.Build.0 = Release|Any CPU
		{0A577CE6-F7DD-4073-9295-2F17BDAEAD6B}.Release|ARM.ActiveCfg = Release|Any CPU
		{0A577CE6-F7DD-4073-9295-2F17BDAEAD6B}.Release|ARM.Build.0 = Release|Any CPU
		{0A577CE6-F7DD-4073-9295-2F17BDAEAD6B}.Release|iPhone.ActiveCfg = Release|Any CPU
		{0A577CE6-F7DD-4073-9295-2F17BDAEAD6B}.Release|iPhone.Build.0 = Release|Any CPU
		{0A577CE6-F7DD-4073-9295-2F17BDAEAD6B}.Release|iPhoneSimulator.ActiveCfg = Release|Any CPU
		{0A577CE6-F7DD-4073-9295-2F17BDAEAD6B}.Release|iPhoneSimulator.Build.0 = Release|Any CPU
		{0A577CE6-F7DD-4073-9295-2F17BDAEAD6B}.Release|x64.ActiveCfg = Release|Any CPU
		{0A577CE6-F7DD-4073-9295-2F17BDAEAD6B}.Release|x64.Build.0 = Release|Any CPU
		{0A577CE6-F7DD-4073-9295-2F17BDAEAD6B}.Release|x86.ActiveCfg = Release|Any CPU
		{0A577CE6-F7DD-4073-9295-2F17BDAEAD6B}.Release|x86.Build.0 = Release|Any CPU
		{4418BB9E-8326-4D18-8059-DDD021F491F6}.Ad-Hoc|Any CPU.ActiveCfg = Release|x64
		{4418BB9E-8326-4D18-8059-DDD021F491F6}.Ad-Hoc|Any CPU.Build.0 = Release|x64
		{4418BB9E-8326-4D18-8059-DDD021F491F6}.Ad-Hoc|Any CPU.Deploy.0 = Release|x64
		{4418BB9E-8326-4D18-8059-DDD021F491F6}.Ad-Hoc|ARM.ActiveCfg = Release|ARM
		{4418BB9E-8326-4D18-8059-DDD021F491F6}.Ad-Hoc|ARM.Build.0 = Release|ARM
		{4418BB9E-8326-4D18-8059-DDD021F491F6}.Ad-Hoc|ARM.Deploy.0 = Release|ARM
		{4418BB9E-8326-4D18-8059-DDD021F491F6}.Ad-Hoc|iPhone.ActiveCfg = Release|x64
		{4418BB9E-8326-4D18-8059-DDD021F491F6}.Ad-Hoc|iPhone.Build.0 = Release|x64
		{4418BB9E-8326-4D18-8059-DDD021F491F6}.Ad-Hoc|iPhone.Deploy.0 = Release|x64
		{4418BB9E-8326-4D18-8059-DDD021F491F6}.Ad-Hoc|iPhoneSimulator.ActiveCfg = Release|x64
		{4418BB9E-8326-4D18-8059-DDD021F491F6}.Ad-Hoc|iPhoneSimulator.Build.0 = Release|x64
		{4418BB9E-8326-4D18-8059-DDD021F491F6}.Ad-Hoc|iPhoneSimulator.Deploy.0 = Release|x64
		{4418BB9E-8326-4D18-8059-DDD021F491F6}.Ad-Hoc|x64.ActiveCfg = Release|x64
		{4418BB9E-8326-4D18-8059-DDD021F491F6}.Ad-Hoc|x64.Build.0 = Release|x64
		{4418BB9E-8326-4D18-8059-DDD021F491F6}.Ad-Hoc|x64.Deploy.0 = Release|x64
		{4418BB9E-8326-4D18-8059-DDD021F491F6}.Ad-Hoc|x86.ActiveCfg = Release|x86
		{4418BB9E-8326-4D18-8059-DDD021F491F6}.Ad-Hoc|x86.Build.0 = Release|x86
		{4418BB9E-8326-4D18-8059-DDD021F491F6}.Ad-Hoc|x86.Deploy.0 = Release|x86
		{4418BB9E-8326-4D18-8059-DDD021F491F6}.AppStore|Any CPU.ActiveCfg = Release|x64
		{4418BB9E-8326-4D18-8059-DDD021F491F6}.AppStore|Any CPU.Build.0 = Release|x64
		{4418BB9E-8326-4D18-8059-DDD021F491F6}.AppStore|Any CPU.Deploy.0 = Release|x64
		{4418BB9E-8326-4D18-8059-DDD021F491F6}.AppStore|ARM.ActiveCfg = Release|ARM
		{4418BB9E-8326-4D18-8059-DDD021F491F6}.AppStore|ARM.Build.0 = Release|ARM
		{4418BB9E-8326-4D18-8059-DDD021F491F6}.AppStore|ARM.Deploy.0 = Release|ARM
		{4418BB9E-8326-4D18-8059-DDD021F491F6}.AppStore|iPhone.ActiveCfg = Release|x64
		{4418BB9E-8326-4D18-8059-DDD021F491F6}.AppStore|iPhone.Build.0 = Release|x64
		{4418BB9E-8326-4D18-8059-DDD021F491F6}.AppStore|iPhone.Deploy.0 = Release|x64
		{4418BB9E-8326-4D18-8059-DDD021F491F6}.AppStore|iPhoneSimulator.ActiveCfg = Release|x64
		{4418BB9E-8326-4D18-8059-DDD021F491F6}.AppStore|iPhoneSimulator.Build.0 = Release|x64
		{4418BB9E-8326-4D18-8059-DDD021F491F6}.AppStore|iPhoneSimulator.Deploy.0 = Release|x64
		{4418BB9E-8326-4D18-8059-DDD021F491F6}.AppStore|x64.ActiveCfg = Release|x64
		{4418BB9E-8326-4D18-8059-DDD021F491F6}.AppStore|x64.Build.0 = Release|x64
		{4418BB9E-8326-4D18-8059-DDD021F491F6}.AppStore|x64.Deploy.0 = Release|x64
		{4418BB9E-8326-4D18-8059-DDD021F491F6}.AppStore|x86.ActiveCfg = Release|x86
		{4418BB9E-8326-4D18-8059-DDD021F491F6}.AppStore|x86.Build.0 = Release|x86
		{4418BB9E-8326-4D18-8059-DDD021F491F6}.AppStore|x86.Deploy.0 = Release|x86
		{4418BB9E-8326-4D18-8059-DDD021F491F6}.Debug|Any CPU.ActiveCfg = Debug|x86
		{4418BB9E-8326-4D18-8059-DDD021F491F6}.Debug|ARM.ActiveCfg = Debug|ARM
		{4418BB9E-8326-4D18-8059-DDD021F491F6}.Debug|ARM.Build.0 = Debug|ARM
		{4418BB9E-8326-4D18-8059-DDD021F491F6}.Debug|ARM.Deploy.0 = Debug|ARM
		{4418BB9E-8326-4D18-8059-DDD021F491F6}.Debug|iPhone.ActiveCfg = Debug|x86
		{4418BB9E-8326-4D18-8059-DDD021F491F6}.Debug|iPhoneSimulator.ActiveCfg = Debug|x86
		{4418BB9E-8326-4D18-8059-DDD021F491F6}.Debug|x64.ActiveCfg = Debug|x64
		{4418BB9E-8326-4D18-8059-DDD021F491F6}.Debug|x64.Build.0 = Debug|x64
		{4418BB9E-8326-4D18-8059-DDD021F491F6}.Debug|x64.Deploy.0 = Debug|x64
		{4418BB9E-8326-4D18-8059-DDD021F491F6}.Debug|x86.ActiveCfg = Debug|x86
		{4418BB9E-8326-4D18-8059-DDD021F491F6}.Debug|x86.Build.0 = Debug|x86
		{4418BB9E-8326-4D18-8059-DDD021F491F6}.Debug|x86.Deploy.0 = Debug|x86
		{4418BB9E-8326-4D18-8059-DDD021F491F6}.Release|Any CPU.ActiveCfg = Release|x86
		{4418BB9E-8326-4D18-8059-DDD021F491F6}.Release|ARM.ActiveCfg = Release|ARM
		{4418BB9E-8326-4D18-8059-DDD021F491F6}.Release|ARM.Build.0 = Release|ARM
		{4418BB9E-8326-4D18-8059-DDD021F491F6}.Release|ARM.Deploy.0 = Release|ARM
		{4418BB9E-8326-4D18-8059-DDD021F491F6}.Release|iPhone.ActiveCfg = Release|x86
		{4418BB9E-8326-4D18-8059-DDD021F491F6}.Release|iPhoneSimulator.ActiveCfg = Release|x86
		{4418BB9E-8326-4D18-8059-DDD021F491F6}.Release|x64.ActiveCfg = Release|x64
		{4418BB9E-8326-4D18-8059-DDD021F491F6}.Release|x64.Build.0 = Release|x64
		{4418BB9E-8326-4D18-8059-DDD021F491F6}.Release|x64.Deploy.0 = Release|x64
		{4418BB9E-8326-4D18-8059-DDD021F491F6}.Release|x86.ActiveCfg = Release|x86
		{4418BB9E-8326-4D18-8059-DDD021F491F6}.Release|x86.Build.0 = Release|x86
		{4418BB9E-8326-4D18-8059-DDD021F491F6}.Release|x86.Deploy.0 = Release|x86
	EndGlobalSection
	GlobalSection(SolutionProperties) = preSolution
		HideSolutionNode = FALSE
	EndGlobalSection
	GlobalSection(NestedProjects) = preSolution
		{D0E3A9A0-7F85-4021-8672-30443216EAC6} = {D6B0484C-AE8B-47B1-B578-09EE7334E88D}
		{9199BAA5-5318-4D20-BB42-729BB74FA018} = {D6B0484C-AE8B-47B1-B578-09EE7334E88D}
		{D12A94CE-40EF-483E-B344-78247A5AB6A7} = {D6B0484C-AE8B-47B1-B578-09EE7334E88D}
		{484565D2-BD63-426D-9936-645632EE874B} = {D6B0484C-AE8B-47B1-B578-09EE7334E88D}
		{C51D88DD-544D-4637-84D3-E11A40F3CB29} = {D6B0484C-AE8B-47B1-B578-09EE7334E88D}
		{0A577CE6-F7DD-4073-9295-2F17BDAEAD6B} = {D6B0484C-AE8B-47B1-B578-09EE7334E88D}
	EndGlobalSection
EndGlobal
